<?xml version="1.0" encoding="utf-8"?>
<Project ToolsVersion="4.0" xmlns="http://schemas.microsoft.com/developer/msbuild/2003">
  <ItemGroup>
    <Filter Include="Src">
      <UniqueIdentifier>{0D23880B-792C-887C-02A8-9E7C6EB0937C}</UniqueIdentifier>
    </Filter>
    <Filter Include="vendor">
      <UniqueIdentifier>{B3738122-9F15-ACF8-88D0-BF4C74113349}</UniqueIdentifier>
    </Filter>
    <Filter Include="vendor\imgui">
      <UniqueIdentifier>{5D3BD0F0-499E-5F95-F223-984BDE652B18}</UniqueIdentifier>
    </Filter>
    <Filter Include="vendor\imgui\backends">
      <UniqueIdentifier>{27CEAEAF-933A-6AAA-5C2E-0208C8598C12}</UniqueIdentifier>
    </Filter>
  </ItemGroup>
  <ItemGroup>
    <ClInclude Include="Src\Application.h">
      <Filter>Src</Filter>
    </ClInclude>
    <ClInclude Include="Src\DX11.h">
      <Filter>Src</Filter>
    </ClInclude>
    <ClInclude Include="Src\FrameTimer.h">
      <Filter>Src</Filter>
    </ClInclude>
    <ClInclude Include="Src\Geometry.h">
      <Filter>Src</Filter>
    </ClInclude>
    <ClInclude Include="Src\LowLvlGfx.h">
      <Filter>Src</Filter>
    </ClInclude>
    <ClInclude Include="Src\Shader.h">
      <Filter>Src</Filter>
    </ClInclude>
    <ClInclude Include="Src\Window.h">
      <Filter>Src</Filter>
    </ClInclude>
    <ClInclude Include="Src\utilityTypes.h">
      <Filter>Src</Filter>
    </ClInclude>
    <ClInclude Include="vendor\imgui\backends\imgui_impl_dx11.h">
      <Filter>vendor\imgui\backends</Filter>
    </ClInclude>
    <ClInclude Include="vendor\imgui\backends\imgui_impl_win32.h">
      <Filter>vendor\imgui\backends</Filter>
    </ClInclude>
    <ClInclude Include="Src\GraphicsResources.h" />
  </ItemGroup>
  <ItemGroup>
    <ClCompile Include="Src\Application.cpp">
      <Filter>Src</Filter>
    </ClCompile>
    <ClCompile Include="Src\DX11.cpp">
      <Filter>Src</Filter>
    </ClCompile>
    <ClCompile Include="Src\FrameTimer.cpp">
      <Filter>Src</Filter>
    </ClCompile>
    <ClCompile Include="Src\LowlvlGfx.cpp">
      <Filter>Src</Filter>
    </ClCompile>
    <ClCompile Include="Src\Source.cpp">
      <Filter>Src</Filter>
    </ClCompile>
    <ClCompile Include="Src\Window.cpp">
      <Filter>Src</Filter>
    </ClCompile>
    <ClCompile Include="vendor\imgui\backends\imgui_impl_dx11.cpp">
      <Filter>vendor\imgui\backends</Filter>
    </ClCompile>
    <ClCompile Include="vendor\imgui\backends\imgui_impl_win32.cpp">
      <Filter>vendor\imgui\backends</Filter>
    </ClCompile>
  </ItemGroup>
  <ItemGroup>
    <FxCompile Include="Src\PixelShader.hlsl">
      <Filter>Src</Filter>
    </FxCompile>
    <FxCompile Include="Src\VertexShader.hlsl">
      <Filter>Src</Filter>
    </FxCompile>
  </ItemGroup>
</Project>